
Microsoft Visual Studio Solution File, Format Version 12.00
# Visual Studio Version 17
VisualStudioVersion = 17.9.34607.119
MinimumVisualStudioVersion = 10.0.40219.1
Project("{FAE04EC0-301F-11D3-BF4B-00C04F79EFBC}") = "WebAppLab3", "WebAppLab3.csproj", "{D71841FB-E96B-458D-B687-FEFA9DD15CBF}"
EndProject
Global
	GlobalSection(SolutionConfigurationPlatforms) = preSolution
		Debug|Any CPU = Debug|Any CPU
		Release|Any CPU = Release|Any CPU
	EndGlobalSection
	GlobalSection(ProjectConfigurationPlatforms) = postSolution
		{D71841FB-E96B-458D-B687-FEFA9DD15CBF}.Debug|Any CPU.ActiveCfg = Debug|Any CPU
		{D71841FB-E96B-458D-B687-FEFA9DD15CBF}.Debug|Any CPU.Build.0 = Debug|Any CPU
		{D71841FB-E96B-458D-B687-FEFA9DD15CBF}.Release|Any CPU.ActiveCfg = Release|Any CPU
		{D71841FB-E96B-458D-B687-FEFA9DD15CBF}.Release|Any CPU.Build.0 = Release|Any CPU
	EndGlobalSection
	GlobalSection(SolutionProperties) = preSolution
		HideSolutionNode = FALSE
	EndGlobalSection
	GlobalSection(ExtensibilityGlobals) = postSolution
		SolutionGuid = {3D97B39E-B16E-45EA-BB64-77FC74EE7C1C}
	EndGlobalSection
EndGlobal
